# THIS IS AN AUTOGENERATED FILE. DO NOT EDIT THIS FILE DIRECTLY.
# yarn lockfile v1


"@aptabase/electron@^0.3.1":
  version "0.3.1"
  resolved "https://registry.npmjs.org/@aptabase/electron/-/electron-0.3.1.tgz"
  integrity sha512-FECaGsjuoQu70F+M6V1evdgLP7yaq/sne9fC60AZZ6B9RsCDlxFBnJzdq3+xevHlUx6AB5o9ygUhQ+ONT9EqiA==
